
Microsoft Visual Studio Solution File, Format Version 12.00
# Visual Studio 15
VisualStudioVersion = 15.0.28307.1062
MinimumVisualStudioVersion = 10.0.40219.1
Project("{FAE04EC0-301F-11D3-BF4B-00C04F79EFBC}") = "ReverseTicTacToeGame", "ReverseTicTacToeGame\ReverseTicTacToeGame.csproj", "{8B103554-FC19-436F-A8C5-1A3C0CFC0258}"
EndProject
Project("{FAE04EC0-301F-11D3-BF4B-00C04F79EFBC}") = "ReverseTicTacToeLogic", "ReverseTicTacToeLogic\ReverseTicTacToeLogic.csproj", "{97A44DE3-1FF8-404D-9700-414F6B43E5F7}"
EndProject
Global
	GlobalSection(SolutionConfigurationPlatforms) = preSolution
		Debug|Any CPU = Debug|Any CPU
		Release|Any CPU = Release|Any CPU
	EndGlobalSection
	GlobalSection(ProjectConfigurationPlatforms) = postSolution
		{8B103554-FC19-436F-A8C5-1A3C0CFC0258}.Debug|Any CPU.ActiveCfg = Debug|Any CPU
		{8B103554-FC19-436F-A8C5-1A3C0CFC0258}.Debug|Any CPU.Build.0 = Debug|Any CPU
		{8B103554-FC19-436F-A8C5-1A3C0CFC0258}.Release|Any CPU.ActiveCfg = Release|Any CPU
		{8B103554-FC19-436F-A8C5-1A3C0CFC0258}.Release|Any CPU.Build.0 = Release|Any CPU
		{97A44DE3-1FF8-404D-9700-414F6B43E5F7}.Debug|Any CPU.ActiveCfg = Debug|Any CPU
		{97A44DE3-1FF8-404D-9700-414F6B43E5F7}.Debug|Any CPU.Build.0 = Debug|Any CPU
		{97A44DE3-1FF8-404D-9700-414F6B43E5F7}.Release|Any CPU.ActiveCfg = Release|Any CPU
		{97A44DE3-1FF8-404D-9700-414F6B43E5F7}.Release|Any CPU.Build.0 = Release|Any CPU
	EndGlobalSection
	GlobalSection(SolutionProperties) = preSolution
		HideSolutionNode = FALSE
	EndGlobalSection
	GlobalSection(ExtensibilityGlobals) = postSolution
		SolutionGuid = {08184526-3A80-400B-8BA3-485003445941}
	EndGlobalSection
EndGlobal
